
Microsoft Visual Studio Solution File, Format Version 12.00
# Visual Studio Version 17
VisualStudioVersion = 17.12.35707.178
MinimumVisualStudioVersion = 10.0.40219.1
Project("{8BC9CEB8-8B4A-11D0-8D11-00A0C91BC942}") = "Class01th", "25cppcls\25cppcls.vcxproj", "{FB097AD1-8EEC-44D9-920A-8CF3E80C0AAF}"
EndProject
Project("{8BC9CEB8-8B4A-11D0-8D11-00A0C91BC942}") = "Class02th", "Class02th\Class02th.vcxproj", "{9E29DDAC-D2D5-44CC-B2A4-3B6E5038D631}"
EndProject
Project("{8BC9CEB8-8B4A-11D0-8D11-00A0C91BC942}") = "Class03th", "Class03th\Class03th.vcxproj", "{525ECDFC-7774-4054-8407-7BD40A409542}"
EndProject
Project("{8BC9CEB8-8B4A-11D0-8D11-00A0C91BC942}") = "Class04th", "Class04th\Class04th.vcxproj", "{E784E34A-1D49-4DDA-AB11-F8A9F15B3F51}"
EndProject
Project("{8BC9CEB8-8B4A-11D0-8D11-00A0C91BC942}") = "Class05th", "Class05th\Class05th.vcxproj", "{D202F0D2-AF34-48AD-A365-9CF3C8F74D59}"
EndProject
Project("{8BC9CEB8-8B4A-11D0-8D11-00A0C91BC942}") = "Class06th", "Class06th\Class06th.vcxproj", "{D0FCFD14-4565-48F7-8829-17F47282E644}"
EndProject
Project("{8BC9CEB8-8B4A-11D0-8D11-00A0C91BC942}") = "Class07th", "Class07th\Class07th.vcxproj", "{0291020E-427D-4F74-9348-197E675059A2}"
EndProject
Project("{8BC9CEB8-8B4A-11D0-8D11-00A0C91BC942}") = "Class08th", "Class08th\Class08th.vcxproj", "{7D0A4ADB-F7AC-4152-AEF5-49E608153739}"
EndProject
Project("{8BC9CEB8-8B4A-11D0-8D11-00A0C91BC942}") = "Class09th", "Class09th\Class09th.vcxproj", "{39D5257B-6C95-4270-9BAD-D2B5493AA271}"
EndProject
Global
	GlobalSection(SolutionConfigurationPlatforms) = preSolution
		Debug|x64 = Debug|x64
		Debug|x86 = Debug|x86
		Release|x64 = Release|x64
		Release|x86 = Release|x86
	EndGlobalSection
	GlobalSection(ProjectConfigurationPlatforms) = postSolution
		{FB097AD1-8EEC-44D9-920A-8CF3E80C0AAF}.Debug|x64.ActiveCfg = Debug|x64
		{FB097AD1-8EEC-44D9-920A-8CF3E80C0AAF}.Debug|x64.Build.0 = Debug|x64
		{FB097AD1-8EEC-44D9-920A-8CF3E80C0AAF}.Debug|x86.ActiveCfg = Debug|Win32
		{FB097AD1-8EEC-44D9-920A-8CF3E80C0AAF}.Debug|x86.Build.0 = Debug|Win32
		{FB097AD1-8EEC-44D9-920A-8CF3E80C0AAF}.Release|x64.ActiveCfg = Release|x64
		{FB097AD1-8EEC-44D9-920A-8CF3E80C0AAF}.Release|x64.Build.0 = Release|x64
		{FB097AD1-8EEC-44D9-920A-8CF3E80C0AAF}.Release|x86.ActiveCfg = Release|Win32
		{FB097AD1-8EEC-44D9-920A-8CF3E80C0AAF}.Release|x86.Build.0 = Release|Win32
		{9E29DDAC-D2D5-44CC-B2A4-3B6E5038D631}.Debug|x64.ActiveCfg = Debug|x64
		{9E29DDAC-D2D5-44CC-B2A4-3B6E5038D631}.Debug|x64.Build.0 = Debug|x64
		{9E29DDAC-D2D5-44CC-B2A4-3B6E5038D631}.Debug|x86.ActiveCfg = Debug|Win32
		{9E29DDAC-D2D5-44CC-B2A4-3B6E5038D631}.Debug|x86.Build.0 = Debug|Win32
		{9E29DDAC-D2D5-44CC-B2A4-3B6E5038D631}.Release|x64.ActiveCfg = Release|x64
		{9E29DDAC-D2D5-44CC-B2A4-3B6E5038D631}.Release|x64.Build.0 = Release|x64
		{9E29DDAC-D2D5-44CC-B2A4-3B6E5038D631}.Release|x86.ActiveCfg = Release|Win32
		{9E29DDAC-D2D5-44CC-B2A4-3B6E5038D631}.Release|x86.Build.0 = Release|Win32
		{525ECDFC-7774-4054-8407-7BD40A409542}.Debug|x64.ActiveCfg = Debug|x64
		{525ECDFC-7774-4054-8407-7BD40A409542}.Debug|x64.Build.0 = Debug|x64
		{525ECDFC-7774-4054-8407-7BD40A409542}.Debug|x86.ActiveCfg = Debug|Win32
		{525ECDFC-7774-4054-8407-7BD40A409542}.Debug|x86.Build.0 = Debug|Win32
		{525ECDFC-7774-4054-8407-7BD40A409542}.Release|x64.ActiveCfg = Release|x64
		{525ECDFC-7774-4054-8407-7BD40A409542}.Release|x64.Build.0 = Release|x64
		{525ECDFC-7774-4054-8407-7BD40A409542}.Release|x86.ActiveCfg = Release|Win32
		{525ECDFC-7774-4054-8407-7BD40A409542}.Release|x86.Build.0 = Release|Win32
		{E784E34A-1D49-4DDA-AB11-F8A9F15B3F51}.Debug|x64.ActiveCfg = Debug|x64
		{E784E34A-1D49-4DDA-AB11-F8A9F15B3F51}.Debug|x64.Build.0 = Debug|x64
		{E784E34A-1D49-4DDA-AB11-F8A9F15B3F51}.Debug|x86.ActiveCfg = Debug|Win32
		{E784E34A-1D49-4DDA-AB11-F8A9F15B3F51}.Debug|x86.Build.0 = Debug|Win32
		{E784E34A-1D49-4DDA-AB11-F8A9F15B3F51}.Release|x64.ActiveCfg = Release|x64
		{E784E34A-1D49-4DDA-AB11-F8A9F15B3F51}.Release|x64.Build.0 = Release|x64
		{E784E34A-1D49-4DDA-AB11-F8A9F15B3F51}.Release|x86.ActiveCfg = Release|Win32
		{E784E34A-1D49-4DDA-AB11-F8A9F15B3F51}.Release|x86.Build.0 = Release|Win32
		{D202F0D2-AF34-48AD-A365-9CF3C8F74D59}.Debug|x64.ActiveCfg = Debug|x64
		{D202F0D2-AF34-48AD-A365-9CF3C8F74D59}.Debug|x64.Build.0 = Debug|x64
		{D202F0D2-AF34-48AD-A365-9CF3C8F74D59}.Debug|x86.ActiveCfg = Debug|Win32
		{D202F0D2-AF34-48AD-A365-9CF3C8F74D59}.Debug|x86.Build.0 = Debug|Win32
		{D202F0D2-AF34-48AD-A365-9CF3C8F74D59}.Release|x64.ActiveCfg = Release|x64
		{D202F0D2-AF34-48AD-A365-9CF3C8F74D59}.Release|x64.Build.0 = Release|x64
		{D202F0D2-AF34-48AD-A365-9CF3C8F74D59}.Release|x86.ActiveCfg = Release|Win32
		{D202F0D2-AF34-48AD-A365-9CF3C8F74D59}.Release|x86.Build.0 = Release|Win32
		{D0FCFD14-4565-48F7-8829-17F47282E644}.Debug|x64.ActiveCfg = Debug|x64
		{D0FCFD14-4565-48F7-8829-17F47282E644}.Debug|x64.Build.0 = Debug|x64
		{D0FCFD14-4565-48F7-8829-17F47282E644}.Debug|x86.ActiveCfg = Debug|Win32
		{D0FCFD14-4565-48F7-8829-17F47282E644}.Debug|x86.Build.0 = Debug|Win32
		{D0FCFD14-4565-48F7-8829-17F47282E644}.Release|x64.ActiveCfg = Release|x64
		{D0FCFD14-4565-48F7-8829-17F47282E644}.Release|x64.Build.0 = Release|x64
		{D0FCFD14-4565-48F7-8829-17F47282E644}.Release|x86.ActiveCfg = Release|Win32
		{D0FCFD14-4565-48F7-8829-17F47282E644}.Release|x86.Build.0 = Release|Win32
		{0291020E-427D-4F74-9348-197E675059A2}.Debug|x64.ActiveCfg = Debug|x64
		{0291020E-427D-4F74-9348-197E675059A2}.Debug|x64.Build.0 = Debug|x64
		{0291020E-427D-4F74-9348-197E675059A2}.Debug|x86.ActiveCfg = Debug|Win32
		{0291020E-427D-4F74-9348-197E675059A2}.Debug|x86.Build.0 = Debug|Win32
		{0291020E-427D-4F74-9348-197E675059A2}.Release|x64.ActiveCfg = Release|x64
		{0291020E-427D-4F74-9348-197E675059A2}.Release|x64.Build.0 = Release|x64
		{0291020E-427D-4F74-9348-197E675059A2}.Release|x86.ActiveCfg = Release|Win32
		{0291020E-427D-4F74-9348-197E675059A2}.Release|x86.Build.0 = Release|Win32
		{7D0A4ADB-F7AC-4152-AEF5-49E608153739}.Debug|x64.ActiveCfg = Debug|x64
		{7D0A4ADB-F7AC-4152-AEF5-49E608153739}.Debug|x64.Build.0 = Debug|x64
		{7D0A4ADB-F7AC-4152-AEF5-49E608153739}.Debug|x86.ActiveCfg = Debug|Win32
		{7D0A4ADB-F7AC-4152-AEF5-49E608153739}.Debug|x86.Build.0 = Debug|Win32
		{7D0A4ADB-F7AC-4152-AEF5-49E608153739}.Release|x64.ActiveCfg = Release|x64
		{7D0A4ADB-F7AC-4152-AEF5-49E608153739}.Release|x64.Build.0 = Release|x64
		{7D0A4ADB-F7AC-4152-AEF5-49E608153739}.Release|x86.ActiveCfg = Release|Win32
		{7D0A4ADB-F7AC-4152-AEF5-49E608153739}.Release|x86.Build.0 = Release|Win32
		{39D5257B-6C95-4270-9BAD-D2B5493AA271}.Debug|x64.ActiveCfg = Debug|x64
		{39D5257B-6C95-4270-9BAD-D2B5493AA271}.Debug|x64.Build.0 = Debug|x64
		{39D5257B-6C95-4270-9BAD-D2B5493AA271}.Debug|x86.ActiveCfg = Debug|Win32
		{39D5257B-6C95-4270-9BAD-D2B5493AA271}.Debug|x86.Build.0 = Debug|Win32
		{39D5257B-6C95-4270-9BAD-D2B5493AA271}.Release|x64.ActiveCfg = Release|x64
		{39D5257B-6C95-4270-9BAD-D2B5493AA271}.Release|x64.Build.0 = Release|x64
		{39D5257B-6C95-4270-9BAD-D2B5493AA271}.Release|x86.ActiveCfg = Release|Win32
		{39D5257B-6C95-4270-9BAD-D2B5493AA271}.Release|x86.Build.0 = Release|Win32
	EndGlobalSection
	GlobalSection(SolutionProperties) = preSolution
		HideSolutionNode = FALSE
	EndGlobalSection
	GlobalSection(ExtensibilityGlobals) = postSolution
		SolutionGuid = {ACD455E2-DDF2-4642-A09C-7CA2C68F111E}
	EndGlobalSection
EndGlobal
